
Microsoft Visual Studio Solution File, Format Version 12.00
Project("{FAE04EC0-301F-11D3-BF4B-00C04F79EFBC}") = "Abbreviator.Lib", "Abbreviator.Lib\Abbreviator.Lib.csproj", "{D3470691-0B0B-429E-BDC4-2300E4BDBC77}"
EndProject
Project("{FAE04EC0-301F-11D3-BF4B-00C04F79EFBC}") = "Abbreviator.Lib.Tests", "Abbreviator.Lib.Tests\Abbreviator.Lib.Tests.csproj", "{891865A4-4AD2-4676-98BC-A0EFF1F7094E}"
EndProject
Global
	GlobalSection(SolutionConfigurationPlatforms) = preSolution
		Debug|Any CPU = Debug|Any CPU
		Release|Any CPU = Release|Any CPU
	EndGlobalSection
	GlobalSection(ProjectConfigurationPlatforms) = postSolution
		{D3470691-0B0B-429E-BDC4-2300E4BDBC77}.Debug|Any CPU.ActiveCfg = Debug|Any CPU
		{D3470691-0B0B-429E-BDC4-2300E4BDBC77}.Debug|Any CPU.Build.0 = Debug|Any CPU
		{D3470691-0B0B-429E-BDC4-2300E4BDBC77}.Release|Any CPU.ActiveCfg = Release|Any CPU
		{D3470691-0B0B-429E-BDC4-2300E4BDBC77}.Release|Any CPU.Build.0 = Release|Any CPU
		{891865A4-4AD2-4676-98BC-A0EFF1F7094E}.Debug|Any CPU.ActiveCfg = Debug|Any CPU
		{891865A4-4AD2-4676-98BC-A0EFF1F7094E}.Debug|Any CPU.Build.0 = Debug|Any CPU
		{891865A4-4AD2-4676-98BC-A0EFF1F7094E}.Release|Any CPU.ActiveCfg = Release|Any CPU
		{891865A4-4AD2-4676-98BC-A0EFF1F7094E}.Release|Any CPU.Build.0 = Release|Any CPU
	EndGlobalSection
EndGlobal
